
Microsoft Visual Studio Solution File, Format Version 12.00
# Visual Studio Version 17
VisualStudioVersion = 17.5.33516.290
MinimumVisualStudioVersion = 10.0.40219.1
Project("{FAE04EC0-301F-11D3-BF4B-00C04F79EFBC}") = "Process SA", "Process SA.csproj", "{FD8E3D01-5202-4661-939A-36D70E1ED150}"
EndProject
Project("{2150E333-8FDC-42A3-9474-1A3956D46DE8}") = "Elementos de la solución", "Elementos de la solución", "{9AF24A49-0B73-40C1-A556-84589B0CEAED}"
	ProjectSection(SolutionItems) = preProject
		HTMLPage1.html = HTMLPage1.html
		HTMLPage2.html = HTMLPage2.html
	EndProjectSection
EndProject
Global
	GlobalSection(SolutionConfigurationPlatforms) = preSolution
		Debug|Any CPU = Debug|Any CPU
		Release|Any CPU = Release|Any CPU
	EndGlobalSection
	GlobalSection(ProjectConfigurationPlatforms) = postSolution
		{FD8E3D01-5202-4661-939A-36D70E1ED150}.Debug|Any CPU.ActiveCfg = Debug|Any CPU
		{FD8E3D01-5202-4661-939A-36D70E1ED150}.Debug|Any CPU.Build.0 = Debug|Any CPU
		{FD8E3D01-5202-4661-939A-36D70E1ED150}.Release|Any CPU.ActiveCfg = Release|Any CPU
		{FD8E3D01-5202-4661-939A-36D70E1ED150}.Release|Any CPU.Build.0 = Release|Any CPU
	EndGlobalSection
	GlobalSection(SolutionProperties) = preSolution
		HideSolutionNode = FALSE
	EndGlobalSection
	GlobalSection(ExtensibilityGlobals) = postSolution
		SolutionGuid = {97D36622-C7DA-440D-A294-C7B13DFB6B53}
	EndGlobalSection
EndGlobal
